
Microsoft Visual Studio Solution File, Format Version 12.00
# Visual Studio Version 17
VisualStudioVersion = 17.13.35913.81 d17.13
MinimumVisualStudioVersion = 10.0.40219.1
Project("{FAE04EC0-301F-11D3-BF4B-00C04F79EFBC}") = "ProjectToShareWithTheClass", "ProjectToShareWithTheClass\ProjectToShareWithTheClass.csproj", "{157A37F5-B808-4F23-A67C-654C0D1D08A9}"
EndProject
Global
	GlobalSection(SolutionConfigurationPlatforms) = preSolution
		Debug|Any CPU = Debug|Any CPU
		Release|Any CPU = Release|Any CPU
	EndGlobalSection
	GlobalSection(ProjectConfigurationPlatforms) = postSolution
		{157A37F5-B808-4F23-A67C-654C0D1D08A9}.Debug|Any CPU.ActiveCfg = Debug|Any CPU
		{157A37F5-B808-4F23-A67C-654C0D1D08A9}.Debug|Any CPU.Build.0 = Debug|Any CPU
		{157A37F5-B808-4F23-A67C-654C0D1D08A9}.Release|Any CPU.ActiveCfg = Release|Any CPU
		{157A37F5-B808-4F23-A67C-654C0D1D08A9}.Release|Any CPU.Build.0 = Release|Any CPU
	EndGlobalSection
	GlobalSection(SolutionProperties) = preSolution
		HideSolutionNode = FALSE
	EndGlobalSection
	GlobalSection(ExtensibilityGlobals) = postSolution
		SolutionGuid = {130E8D6E-A394-407A-B9E0-337EEE748377}
	EndGlobalSection
EndGlobal
